
Microsoft Visual Studio Solution File, Format Version 12.00
# Visual Studio Version 17
VisualStudioVersion = 17.6.33801.468
MinimumVisualStudioVersion = 10.0.40219.1
Project("{FAE04EC0-301F-11D3-BF4B-00C04F79EFBC}") = "PersonelKayıt", "PersonelKayıt\PersonelKayıt.csproj", "{87B9EB52-0128-4079-A346-B4F8B952D2EE}"
EndProject
Global
	GlobalSection(SolutionConfigurationPlatforms) = preSolution
		Debug|Any CPU = Debug|Any CPU
		Release|Any CPU = Release|Any CPU
	EndGlobalSection
	GlobalSection(ProjectConfigurationPlatforms) = postSolution
		{87B9EB52-0128-4079-A346-B4F8B952D2EE}.Debug|Any CPU.ActiveCfg = Debug|Any CPU
		{87B9EB52-0128-4079-A346-B4F8B952D2EE}.Debug|Any CPU.Build.0 = Debug|Any CPU
		{87B9EB52-0128-4079-A346-B4F8B952D2EE}.Release|Any CPU.ActiveCfg = Release|Any CPU
		{87B9EB52-0128-4079-A346-B4F8B952D2EE}.Release|Any CPU.Build.0 = Release|Any CPU
	EndGlobalSection
	GlobalSection(SolutionProperties) = preSolution
		HideSolutionNode = FALSE
	EndGlobalSection
	GlobalSection(ExtensibilityGlobals) = postSolution
		SolutionGuid = {1A660961-E8D6-4869-B0E2-CEE80401D0F5}
	EndGlobalSection
EndGlobal
